
Microsoft Visual Studio Solution File, Format Version 12.00
# Visual Studio 15
VisualStudioVersion = 15.0.26730.15
MinimumVisualStudioVersion = 10.0.40219.1
Project("{FAE04EC0-301F-11D3-BF4B-00C04F79EFBC}") = "WS_BD_Integracion_2017", "WS_BD_Integracion_2017\WS_BD_Integracion_2017.csproj", "{F7D48AA0-C591-4868-850B-40AE048A59AB}"
EndProject
Global
	GlobalSection(SolutionConfigurationPlatforms) = preSolution
		Debug|Any CPU = Debug|Any CPU
		Release|Any CPU = Release|Any CPU
	EndGlobalSection
	GlobalSection(ProjectConfigurationPlatforms) = postSolution
		{F7D48AA0-C591-4868-850B-40AE048A59AB}.Debug|Any CPU.ActiveCfg = Debug|Any CPU
		{F7D48AA0-C591-4868-850B-40AE048A59AB}.Debug|Any CPU.Build.0 = Debug|Any CPU
		{F7D48AA0-C591-4868-850B-40AE048A59AB}.Release|Any CPU.ActiveCfg = Release|Any CPU
		{F7D48AA0-C591-4868-850B-40AE048A59AB}.Release|Any CPU.Build.0 = Release|Any CPU
	EndGlobalSection
	GlobalSection(SolutionProperties) = preSolution
		HideSolutionNode = FALSE
	EndGlobalSection
	GlobalSection(ExtensibilityGlobals) = postSolution
		SolutionGuid = {F01F65E9-632B-453A-A6C0-8CDCC0469D7F}
	EndGlobalSection
EndGlobal
