
Microsoft Visual Studio Solution File, Format Version 12.00
# Visual Studio 15
VisualStudioVersion = 15.0.26730.10
MinimumVisualStudioVersion = 10.0.40219.1
Project("{262852C6-CD72-467D-83FE-5EEB1973A190}") = "AppMovil1", "AppMovil1\AppMovil1.jsproj", "{5DA2B0C5-5250-49ED-AA34-39CABA281F9E}"
EndProject
Global
	GlobalSection(SolutionConfigurationPlatforms) = preSolution
		Debug|Android = Debug|Android
		Debug|iOS = Debug|iOS
		Debug|Windows-ARM = Debug|Windows-ARM
		Debug|Windows-x64 = Debug|Windows-x64
		Debug|Windows-x86 = Debug|Windows-x86
		Release|Android = Release|Android
		Release|iOS = Release|iOS
		Release|Windows-ARM = Release|Windows-ARM
		Release|Windows-x64 = Release|Windows-x64
		Release|Windows-x86 = Release|Windows-x86
	EndGlobalSection
	GlobalSection(ProjectConfigurationPlatforms) = postSolution
		{5DA2B0C5-5250-49ED-AA34-39CABA281F9E}.Debug|Android.ActiveCfg = Debug|Android
		{5DA2B0C5-5250-49ED-AA34-39CABA281F9E}.Debug|Android.Build.0 = Debug|Android
		{5DA2B0C5-5250-49ED-AA34-39CABA281F9E}.Debug|Android.Deploy.0 = Debug|Android
		{5DA2B0C5-5250-49ED-AA34-39CABA281F9E}.Debug|iOS.ActiveCfg = Debug|iOS
		{5DA2B0C5-5250-49ED-AA34-39CABA281F9E}.Debug|iOS.Build.0 = Debug|iOS
		{5DA2B0C5-5250-49ED-AA34-39CABA281F9E}.Debug|iOS.Deploy.0 = Debug|iOS
		{5DA2B0C5-5250-49ED-AA34-39CABA281F9E}.Debug|Windows-ARM.ActiveCfg = Debug|Windows-ARM
		{5DA2B0C5-5250-49ED-AA34-39CABA281F9E}.Debug|Windows-ARM.Build.0 = Debug|Windows-ARM
		{5DA2B0C5-5250-49ED-AA34-39CABA281F9E}.Debug|Windows-ARM.Deploy.0 = Debug|Windows-ARM
		{5DA2B0C5-5250-49ED-AA34-39CABA281F9E}.Debug|Windows-x64.ActiveCfg = Debug|Windows-x64
		{5DA2B0C5-5250-49ED-AA34-39CABA281F9E}.Debug|Windows-x64.Build.0 = Debug|Windows-x64
		{5DA2B0C5-5250-49ED-AA34-39CABA281F9E}.Debug|Windows-x64.Deploy.0 = Debug|Windows-x64
		{5DA2B0C5-5250-49ED-AA34-39CABA281F9E}.Debug|Windows-x86.ActiveCfg = Debug|Windows-x86
		{5DA2B0C5-5250-49ED-AA34-39CABA281F9E}.Debug|Windows-x86.Build.0 = Debug|Windows-x86
		{5DA2B0C5-5250-49ED-AA34-39CABA281F9E}.Debug|Windows-x86.Deploy.0 = Debug|Windows-x86
		{5DA2B0C5-5250-49ED-AA34-39CABA281F9E}.Release|Android.ActiveCfg = Release|Android
		{5DA2B0C5-5250-49ED-AA34-39CABA281F9E}.Release|Android.Build.0 = Release|Android
		{5DA2B0C5-5250-49ED-AA34-39CABA281F9E}.Release|Android.Deploy.0 = Release|Android
		{5DA2B0C5-5250-49ED-AA34-39CABA281F9E}.Release|iOS.ActiveCfg = Release|iOS
		{5DA2B0C5-5250-49ED-AA34-39CABA281F9E}.Release|iOS.Build.0 = Release|iOS
		{5DA2B0C5-5250-49ED-AA34-39CABA281F9E}.Release|iOS.Deploy.0 = Release|iOS
		{5DA2B0C5-5250-49ED-AA34-39CABA281F9E}.Release|Windows-ARM.ActiveCfg = Release|Windows-ARM
		{5DA2B0C5-5250-49ED-AA34-39CABA281F9E}.Release|Windows-ARM.Build.0 = Release|Windows-ARM
		{5DA2B0C5-5250-49ED-AA34-39CABA281F9E}.Release|Windows-ARM.Deploy.0 = Release|Windows-ARM
		{5DA2B0C5-5250-49ED-AA34-39CABA281F9E}.Release|Windows-x64.ActiveCfg = Release|Windows-x64
		{5DA2B0C5-5250-49ED-AA34-39CABA281F9E}.Release|Windows-x64.Build.0 = Release|Windows-x64
		{5DA2B0C5-5250-49ED-AA34-39CABA281F9E}.Release|Windows-x64.Deploy.0 = Release|Windows-x64
		{5DA2B0C5-5250-49ED-AA34-39CABA281F9E}.Release|Windows-x86.ActiveCfg = Release|Windows-x86
		{5DA2B0C5-5250-49ED-AA34-39CABA281F9E}.Release|Windows-x86.Build.0 = Release|Windows-x86
		{5DA2B0C5-5250-49ED-AA34-39CABA281F9E}.Release|Windows-x86.Deploy.0 = Release|Windows-x86
	EndGlobalSection
	GlobalSection(SolutionProperties) = preSolution
		HideSolutionNode = FALSE
	EndGlobalSection
	GlobalSection(ExtensibilityGlobals) = postSolution
		SolutionGuid = {C4CFEC7E-46DB-4F39-A12C-D339CBB9B2AC}
	EndGlobalSection
EndGlobal
